
Microsoft Visual Studio Solution File, Format Version 12.00
# Visual Studio Version 17
VisualStudioVersion = 17.3.32929.385
MinimumVisualStudioVersion = 10.0.40219.1
Project("{FAE04EC0-301F-11D3-BF4B-00C04F79EFBC}") = "MyEmmControl", "MyEmmControl.csproj", "{CA0CC383-DFD1-44C4-8681-05129795EF5A}"
EndProject
Global
	GlobalSection(SolutionConfigurationPlatforms) = preSolution
		Debug|Any CPU = Debug|Any CPU
		Release|Any CPU = Release|Any CPU
	EndGlobalSection
	GlobalSection(ProjectConfigurationPlatforms) = postSolution
		{CA0CC383-DFD1-44C4-8681-05129795EF5A}.Debug|Any CPU.ActiveCfg = Debug|Any CPU
		{CA0CC383-DFD1-44C4-8681-05129795EF5A}.Debug|Any CPU.Build.0 = Debug|Any CPU
		{CA0CC383-DFD1-44C4-8681-05129795EF5A}.Release|Any CPU.ActiveCfg = Release|Any CPU
		{CA0CC383-DFD1-44C4-8681-05129795EF5A}.Release|Any CPU.Build.0 = Release|Any CPU
	EndGlobalSection
	GlobalSection(SolutionProperties) = preSolution
		HideSolutionNode = FALSE
	EndGlobalSection
	GlobalSection(ExtensibilityGlobals) = postSolution
		SolutionGuid = {855447C6-24CD-4C26-A693-B35B72DDB0B8}
	EndGlobalSection
EndGlobal
